
Microsoft Visual Studio Solution File, Format Version 12.00
# Visual Studio 15
VisualStudioVersion = 15.0.27130.2010
MinimumVisualStudioVersion = 10.0.40219.1
Project("{FAE04EC0-301F-11D3-BF4B-00C04F79EFBC}") = "Client", "Client\Client.csproj", "{78DCA1C4-6B47-4026-9E8B-D1DB6FD7C2B9}"
EndProject
Project("{FAE04EC0-301F-11D3-BF4B-00C04F79EFBC}") = "GameServer", "GameServer\GameServer.csproj", "{7A8D2FBA-62D2-4581-8AA4-342AD4CE2C8B}"
EndProject
Project("{FAE04EC0-301F-11D3-BF4B-00C04F79EFBC}") = "Common", "Common\Common.csproj", "{89BA320C-FB70-49B4-9D56-7DD19AE3C41A}"
EndProject
Global
	GlobalSection(SolutionConfigurationPlatforms) = preSolution
		Debug|Any CPU = Debug|Any CPU
		Release|Any CPU = Release|Any CPU
	EndGlobalSection
	GlobalSection(ProjectConfigurationPlatforms) = postSolution
		{78DCA1C4-6B47-4026-9E8B-D1DB6FD7C2B9}.Debug|Any CPU.ActiveCfg = Debug|Any CPU
		{78DCA1C4-6B47-4026-9E8B-D1DB6FD7C2B9}.Debug|Any CPU.Build.0 = Debug|Any CPU
		{78DCA1C4-6B47-4026-9E8B-D1DB6FD7C2B9}.Release|Any CPU.ActiveCfg = Release|Any CPU
		{78DCA1C4-6B47-4026-9E8B-D1DB6FD7C2B9}.Release|Any CPU.Build.0 = Release|Any CPU
		{7A8D2FBA-62D2-4581-8AA4-342AD4CE2C8B}.Debug|Any CPU.ActiveCfg = Debug|Any CPU
		{7A8D2FBA-62D2-4581-8AA4-342AD4CE2C8B}.Debug|Any CPU.Build.0 = Debug|Any CPU
		{7A8D2FBA-62D2-4581-8AA4-342AD4CE2C8B}.Release|Any CPU.ActiveCfg = Release|Any CPU
		{7A8D2FBA-62D2-4581-8AA4-342AD4CE2C8B}.Release|Any CPU.Build.0 = Release|Any CPU
		{89BA320C-FB70-49B4-9D56-7DD19AE3C41A}.Debug|Any CPU.ActiveCfg = Debug|Any CPU
		{89BA320C-FB70-49B4-9D56-7DD19AE3C41A}.Debug|Any CPU.Build.0 = Debug|Any CPU
		{89BA320C-FB70-49B4-9D56-7DD19AE3C41A}.Release|Any CPU.ActiveCfg = Release|Any CPU
		{89BA320C-FB70-49B4-9D56-7DD19AE3C41A}.Release|Any CPU.Build.0 = Release|Any CPU
	EndGlobalSection
	GlobalSection(SolutionProperties) = preSolution
		HideSolutionNode = FALSE
	EndGlobalSection
	GlobalSection(ExtensibilityGlobals) = postSolution
		SolutionGuid = {30BA1770-EAF3-439D-99B2-EBD3E324797C}
	EndGlobalSection
EndGlobal
